
Microsoft Visual Studio Solution File, Format Version 12.00
# Visual Studio 15
VisualStudioVersion = 15.0.27004.2009
MinimumVisualStudioVersion = 10.0.40219.1
Project("{FAE04EC0-301F-11D3-BF4B-00C04F79EFBC}") = "ClusterEngine", "ClusterEngine\ClusterEngine.csproj", "{F262EDF2-70A5-42F8-B18D-70830D0BF82D}"
EndProject
Project("{FAE04EC0-301F-11D3-BF4B-00C04F79EFBC}") = "PhotoVis", "PhotoVis\PhotoVis.csproj", "{E514A80B-E1D4-4BE4-A6EE-21685FB37FD7}"
	ProjectSection(ProjectDependencies) = postProject
		{D65594C8-EA2E-46CA-A756-B1634EDC3AE3} = {D65594C8-EA2E-46CA-A756-B1634EDC3AE3}
	EndProjectSection
EndProject
Project("{FAE04EC0-301F-11D3-BF4B-00C04F79EFBC}") = "SpikeAccountManager", "SpeckleAccountManager\SpikeAccountManager.csproj", "{D65594C8-EA2E-46CA-A756-B1634EDC3AE3}"
EndProject
Project("{930C7802-8A8C-48F9-8165-68863BCCD9DD}") = "SetupProject", "SetupProject\SetupProject.wixproj", "{159247B9-C027-481B-85EA-171B5D18E679}"
EndProject
Global
	GlobalSection(SolutionConfigurationPlatforms) = preSolution
		Debug|Any CPU = Debug|Any CPU
		Debug|x86 = Debug|x86
		Release|Any CPU = Release|Any CPU
		Release|x86 = Release|x86
	EndGlobalSection
	GlobalSection(ProjectConfigurationPlatforms) = postSolution
		{F262EDF2-70A5-42F8-B18D-70830D0BF82D}.Debug|Any CPU.ActiveCfg = Debug|Any CPU
		{F262EDF2-70A5-42F8-B18D-70830D0BF82D}.Debug|Any CPU.Build.0 = Debug|Any CPU
		{F262EDF2-70A5-42F8-B18D-70830D0BF82D}.Debug|x86.ActiveCfg = Debug|Any CPU
		{F262EDF2-70A5-42F8-B18D-70830D0BF82D}.Debug|x86.Build.0 = Debug|Any CPU
		{F262EDF2-70A5-42F8-B18D-70830D0BF82D}.Release|Any CPU.ActiveCfg = Release|Any CPU
		{F262EDF2-70A5-42F8-B18D-70830D0BF82D}.Release|Any CPU.Build.0 = Release|Any CPU
		{F262EDF2-70A5-42F8-B18D-70830D0BF82D}.Release|x86.ActiveCfg = Release|Any CPU
		{F262EDF2-70A5-42F8-B18D-70830D0BF82D}.Release|x86.Build.0 = Release|Any CPU
		{E514A80B-E1D4-4BE4-A6EE-21685FB37FD7}.Debug|Any CPU.ActiveCfg = Debug|Any CPU
		{E514A80B-E1D4-4BE4-A6EE-21685FB37FD7}.Debug|Any CPU.Build.0 = Debug|Any CPU
		{E514A80B-E1D4-4BE4-A6EE-21685FB37FD7}.Debug|x86.ActiveCfg = Debug|Any CPU
		{E514A80B-E1D4-4BE4-A6EE-21685FB37FD7}.Debug|x86.Build.0 = Debug|Any CPU
		{E514A80B-E1D4-4BE4-A6EE-21685FB37FD7}.Release|Any CPU.ActiveCfg = Release|Any CPU
		{E514A80B-E1D4-4BE4-A6EE-21685FB37FD7}.Release|Any CPU.Build.0 = Release|Any CPU
		{E514A80B-E1D4-4BE4-A6EE-21685FB37FD7}.Release|x86.ActiveCfg = Release|Any CPU
		{E514A80B-E1D4-4BE4-A6EE-21685FB37FD7}.Release|x86.Build.0 = Release|Any CPU
		{D65594C8-EA2E-46CA-A756-B1634EDC3AE3}.Debug|Any CPU.ActiveCfg = Debug|Any CPU
		{D65594C8-EA2E-46CA-A756-B1634EDC3AE3}.Debug|Any CPU.Build.0 = Debug|Any CPU
		{D65594C8-EA2E-46CA-A756-B1634EDC3AE3}.Debug|x86.ActiveCfg = Debug|Any CPU
		{D65594C8-EA2E-46CA-A756-B1634EDC3AE3}.Debug|x86.Build.0 = Debug|Any CPU
		{D65594C8-EA2E-46CA-A756-B1634EDC3AE3}.Release|Any CPU.ActiveCfg = Release|Any CPU
		{D65594C8-EA2E-46CA-A756-B1634EDC3AE3}.Release|Any CPU.Build.0 = Release|Any CPU
		{D65594C8-EA2E-46CA-A756-B1634EDC3AE3}.Release|x86.ActiveCfg = Release|Any CPU
		{D65594C8-EA2E-46CA-A756-B1634EDC3AE3}.Release|x86.Build.0 = Release|Any CPU
		{159247B9-C027-481B-85EA-171B5D18E679}.Debug|Any CPU.ActiveCfg = Debug|x86
		{159247B9-C027-481B-85EA-171B5D18E679}.Debug|x86.ActiveCfg = Debug|x86
		{159247B9-C027-481B-85EA-171B5D18E679}.Debug|x86.Build.0 = Debug|x86
		{159247B9-C027-481B-85EA-171B5D18E679}.Release|Any CPU.ActiveCfg = Release|x86
		{159247B9-C027-481B-85EA-171B5D18E679}.Release|x86.ActiveCfg = Release|x86
		{159247B9-C027-481B-85EA-171B5D18E679}.Release|x86.Build.0 = Release|x86
	EndGlobalSection
	GlobalSection(SolutionProperties) = preSolution
		HideSolutionNode = FALSE
	EndGlobalSection
	GlobalSection(ExtensibilityGlobals) = postSolution
		SolutionGuid = {B11923AE-6407-45F0-8EBD-9972AD4AF6DC}
	EndGlobalSection
EndGlobal
